// !$*UTF8*$!
{
	archiveVersion = 1;
	classes = {
	};
	objectVersion = 48;
	objects = {

/* Begin PBXBuildFile section */
		3B0E7346210237A500A6AA9D /* AppDelegate.m in Sources */ = {isa = PBXBuildFile; fileRef = 3B0E7345210237A500A6AA9D /* AppDelegate.m */; };
		3B0E7349210237A500A6AA9D /* ViewController.m in Sources */ = {isa = PBXBuildFile; fileRef = 3B0E7348210237A500A6AA9D /* ViewController.m */; };
		3B0E734B210237A500A6AA9D /* Assets.xcassets in Resources */ = {isa = PBXBuildFile; fileRef = 3B0E734A210237A500A6AA9D /* Assets.xcassets */; };
		3B0E734E210237A500A6AA9D /* Main.storyboard in Resources */ = {isa = PBXBuildFile; fileRef = 3B0E734C210237A500A6AA9D /* Main.storyboard */; };
		3B0E7351210237A500A6AA9D /* main.m in Sources */ = {isa = PBXBuildFile; fileRef = 3B0E7350210237A500A6AA9D /* main.m */; };
		3B0E735C21023F7700A6AA9D /* YLZMetalView.m in Sources */ = {isa = PBXBuildFile; fileRef = 3B0E735B21023F7700A6AA9D /* YLZMetalView.m */; };
		3B76AB46210DA57400D8B3AF /* Shaders.metal in Sources */ = {isa = PBXBuildFile; fileRef = 3B76AB45210DA57400D8B3AF /* Shaders.metal */; };
		3B7F173C21295DE10022B81E /* lena.png in Resources */ = {isa = PBXBuildFile; fileRef = 3B7F173B21295DE10022B81E /* lena.png */; };
/* End PBXBuildFile section */

/* Begin PBXFileReference section */
		3B0E7341210237A500A6AA9D /* MetalDemo.app */ = {isa = PBXFileReference; explicitFileType = wrapper.application; includeInIndex = 0; path = MetalDemo.app; sourceTree = BUILT_PRODUCTS_DIR; };
		3B0E7344210237A500A6AA9D /* AppDelegate.h */ = {isa = PBXFileReference; lastKnownFileType = sourcecode.c.h; path = AppDelegate.h; sourceTree = "<group>"; };
		3B0E7345210237A500A6AA9D /* AppDelegate.m */ = {isa = PBXFileReference; lastKnownFileType = sourcecode.c.objc; path = AppDelegate.m; sourceTree = "<group>"; };
		3B0E7347210237A500A6AA9D /* ViewController.h */ = {isa = PBXFileReference; lastKnownFileType = sourcecode.c.h; path = ViewController.h; sourceTree = "<group>"; };
		3B0E7348210237A500A6AA9D /* ViewController.m */ = {isa = PBXFileReference; lastKnownFileType = sourcecode.c.objc; path = ViewController.m; sourceTree = "<group>"; };
		3B0E734A210237A500A6AA9D /* Assets.xcassets */ = {isa = PBXFileReference; lastKnownFileType = folder.assetcatalog; path = Assets.xcassets; sourceTree = "<group>"; };
		3B0E734D210237A500A6AA9D /* Base */ = {isa = PBXFileReference; lastKnownFileType = file.storyboard; name = Base; path = Base.lproj/Main.storyboard; sourceTree = "<group>"; };
		3B0E734F210237A500A6AA9D /* Info.plist */ = {isa = PBXFileReference; lastKnownFileType = text.plist.xml; path = Info.plist; sourceTree = "<group>"; };
		3B0E7350210237A500A6AA9D /* main.m */ = {isa = PBXFileReference; lastKnownFileType = sourcecode.c.objc; path = main.m; sourceTree = "<group>"; };
		3B0E7352210237A500A6AA9D /* MetalDemo.entitlements */ = {isa = PBXFileReference; lastKnownFileType = text.plist.entitlements; path = MetalDemo.entitlements; sourceTree = "<group>"; };
		3B0E735A21023F7700A6AA9D /* YLZMetalView.h */ = {isa = PBXFileReference; lastKnownFileType = sourcecode.c.h; path = YLZMetalView.h; sourceTree = "<group>"; };
		3B0E735B21023F7700A6AA9D /* YLZMetalView.m */ = {isa = PBXFileReference; lastKnownFileType = sourcecode.c.objc; path = YLZMetalView.m; sourceTree = "<group>"; };
		3B1C1637210C14090042CE15 /* YLZShaderTypes.h */ = {isa = PBXFileReference; lastKnownFileType = sourcecode.c.h; path = YLZShaderTypes.h; sourceTree = "<group>"; };
		3B76AB45210DA57400D8B3AF /* Shaders.metal */ = {isa = PBXFileReference; fileEncoding = 4; lastKnownFileType = sourcecode.metal; path = Shaders.metal; sourceTree = "<group>"; };
		3B7F173B21295DE10022B81E /* lena.png */ = {isa = PBXFileReference; lastKnownFileType = image.png; path = lena.png; sourceTree = "<group>"; };
/* End PBXFileReference section */

/* Begin PBXFrameworksBuildPhase section */
		3B0E733E210237A500A6AA9D /* Frameworks */ = {
			isa = PBXFrameworksBuildPhase;
			buildActionMask = 2147483647;
			files = (
			);
			runOnlyForDeploymentPostprocessing = 0;
		};
/* End PBXFrameworksBuildPhase section */

/* Begin PBXGroup section */
		3B0E7338210237A500A6AA9D = {
			isa = PBXGroup;
			children = (
				3B0E7343210237A500A6AA9D /* MetalDemo */,
				3B0E7342210237A500A6AA9D /* Products */,
			);
			sourceTree = "<group>";
		};
		3B0E7342210237A500A6AA9D /* Products */ = {
			isa = PBXGroup;
			children = (
				3B0E7341210237A500A6AA9D /* MetalDemo.app */,
			);
			name = Products;
			sourceTree = "<group>";
		};
		3B0E7343210237A500A6AA9D /* MetalDemo */ = {
			isa = PBXGroup;
			children = (
				3B0E735821023B1300A6AA9D /* Metal */,
				3B0E7344210237A500A6AA9D /* AppDelegate.h */,
				3B0E7345210237A500A6AA9D /* AppDelegate.m */,
				3B0E7347210237A500A6AA9D /* ViewController.h */,
				3B0E7348210237A500A6AA9D /* ViewController.m */,
				3B0E734A210237A500A6AA9D /* Assets.xcassets */,
				3B0E734C210237A500A6AA9D /* Main.storyboard */,
				3B0E734F210237A500A6AA9D /* Info.plist */,
				3B0E7350210237A500A6AA9D /* main.m */,
				3B0E7352210237A500A6AA9D /* MetalDemo.entitlements */,
			);
			path = MetalDemo;
			sourceTree = "<group>";
		};
		3B0E735821023B1300A6AA9D /* Metal */ = {
			isa = PBXGroup;
			children = (
				3B7F173A21295DD60022B81E /* Resources */,
				3B1C1636210C13ED0042CE15 /* Utils */,
				3B0E735921023B1300A6AA9D /* View */,
			);
			path = Metal;
			sourceTree = "<group>";
		};
		3B0E735921023B1300A6AA9D /* View */ = {
			isa = PBXGroup;
			children = (
				3B0E735A21023F7700A6AA9D /* YLZMetalView.h */,
				3B0E735B21023F7700A6AA9D /* YLZMetalView.m */,
			);
			path = View;
			sourceTree = "<group>";
		};
		3B1C1636210C13ED0042CE15 /* Utils */ = {
			isa = PBXGroup;
			children = (
				3B76AB45210DA57400D8B3AF /* Shaders.metal */,
				3B1C1637210C14090042CE15 /* YLZShaderTypes.h */,
			);
			path = Utils;
			sourceTree = "<group>";
		};
		3B7F173A21295DD60022B81E /* Resources */ = {
			isa = PBXGroup;
			children = (
				3B7F173B21295DE10022B81E /* lena.png */,
			);
			path = Resources;
			sourceTree = "<group>";
		};
/* End PBXGroup section */

/* Begin PBXNativeTarget section */
		3B0E7340210237A500A6AA9D /* MetalDemo */ = {
			isa = PBXNativeTarget;
			buildConfigurationList = 3B0E7355210237A500A6AA9D /* Build configuration list for PBXNativeTarget "MetalDemo" */;
			buildPhases = (
				3B0E733D210237A500A6AA9D /* Sources */,
				3B0E733E210237A500A6AA9D /* Frameworks */,
				3B0E733F210237A500A6AA9D /* Resources */,
			);
			buildRules = (
			);
			dependencies = (
			);
			name = MetalDemo;
			productName = MetalDemo;
			productReference = 3B0E7341210237A500A6AA9D /* MetalDemo.app */;
			productType = "com.apple.product-type.application";
		};
/* End PBXNativeTarget section */

/* Begin PBXProject section */
		3B0E7339210237A500A6AA9D /* Project object */ = {
			isa = PBXProject;
			attributes = {
				LastUpgradeCheck = 0910;
				ORGANIZATIONNAME = Colin;
				TargetAttributes = {
					3B0E7340210237A500A6AA9D = {
						CreatedOnToolsVersion = 9.1;
						ProvisioningStyle = Automatic;
					};
				};
			};
			buildConfigurationList = 3B0E733C210237A500A6AA9D /* Build configuration list for PBXProject "MetalDemo" */;
			compatibilityVersion = "Xcode 8.0";
			developmentRegion = en;
			hasScannedForEncodings = 0;
			knownRegions = (
				en,
				Base,
			);
			mainGroup = 3B0E7338210237A500A6AA9D;
			productRefGroup = 3B0E7342210237A500A6AA9D /* Products */;
			projectDirPath = "";
			projectRoot = "";
			targets = (
				3B0E7340210237A500A6AA9D /* MetalDemo */,
			);
		};
/* End PBXProject section */

/* Begin PBXResourcesBuildPhase section */
		3B0E733F210237A500A6AA9D /* Resources */ = {
			isa = PBXResourcesBuildPhase;
			buildActionMask = 2147483647;
			files = (
				3B0E734B210237A500A6AA9D /* Assets.xcassets in Resources */,
				3B0E734E210237A500A6AA9D /* Main.storyboard in Resources */,
				3B7F173C21295DE10022B81E /* lena.png in Resources */,
			);
			runOnlyForDeploymentPostprocessing = 0;
		};
/* End PBXResourcesBuildPhase section */

/* Begin PBXSourcesBuildPhase section */
		3B0E733D210237A500A6AA9D /* Sources */ = {
			isa = PBXSourcesBuildPhase;
			buildActionMask = 2147483647;
			files = (
				3B0E7349210237A500A6AA9D /* ViewController.m in Sources */,
				3B0E7351210237A500A6AA9D /* main.m in Sources */,
				3B0E735C21023F7700A6AA9D /* YLZMetalView.m in Sources */,
				3B0E7346210237A500A6AA9D /* AppDelegate.m in Sources */,
				3B76AB46210DA57400D8B3AF /* Shaders.metal in Sources */,
			);
			runOnlyForDeploymentPostprocessing = 0;
		};
/* End PBXSourcesBuildPhase section */

/* Begin PBXVariantGroup section */
		3B0E734C210237A500A6AA9D /* Main.storyboard */ = {
			isa = PBXVariantGroup;
			children = (
				3B0E734D210237A500A6AA9D /* Base */,
			);
			name = Main.storyboard;
			sourceTree = "<group>";
		};
/* End PBXVariantGroup section */

/* Begin XCBuildConfiguration section */
		3B0E7353210237A500A6AA9D /* Debug */ = {
			isa = XCBuildConfiguration;
			buildSettings = {
				ALWAYS_SEARCH_USER_PATHS = NO;
				CLANG_ANALYZER_NONNULL = YES;
				CLANG_ANALYZER_NUMBER_OBJECT_CONVERSION = YES_AGGRESSIVE;
				CLANG_CXX_LANGUAGE_STANDARD = "gnu++14";
				CLANG_CXX_LIBRARY = "libc++";
				CLANG_ENABLE_MODULES = YES;
				CLANG_ENABLE_OBJC_ARC = YES;
				CLANG_WARN_BLOCK_CAPTURE_AUTORELEASING = YES;
				CLANG_WARN_BOOL_CONVERSION = YES;
				CLANG_WARN_COMMA = YES;
				CLANG_WARN_CONSTANT_CONVERSION = YES;
				CLANG_WARN_DIRECT_OBJC_ISA_USAGE = YES_ERROR;
				CLANG_WARN_DOCUMENTATION_COMMENTS = YES;
				CLANG_WARN_EMPTY_BODY = YES;
				CLANG_WARN_ENUM_CONVERSION = YES;
				CLANG_WARN_INFINITE_RECURSION = YES;
				CLANG_WARN_INT_CONVERSION = YES;
				CLANG_WARN_NON_LITERAL_NULL_CONVERSION = YES;
				CLANG_WARN_OBJC_LITERAL_CONVERSION = YES;
				CLANG_WARN_OBJC_ROOT_CLASS = YES_ERROR;
				CLANG_WARN_RANGE_LOOP_ANALYSIS = YES;
				CLANG_WARN_STRICT_PROTOTYPES = YES;
				CLANG_WARN_SUSPICIOUS_MOVE = YES;
				CLANG_WARN_UNGUARDED_AVAILABILITY = YES_AGGRESSIVE;
				CLANG_WARN_UNREACHABLE_CODE = YES;
				CLANG_WARN__DUPLICATE_METHOD_MATCH = YES;
				CODE_SIGN_IDENTITY = "Mac Developer";
				COPY_PHASE_STRIP = NO;
				DEBUG_INFORMATION_FORMAT = dwarf;
				ENABLE_STRICT_OBJC_MSGSEND = YES;
				ENABLE_TESTABILITY = YES;
				GCC_C_LANGUAGE_STANDARD = gnu11;
				GCC_DYNAMIC_NO_PIC = NO;
				GCC_NO_COMMON_BLOCKS = YES;
				GCC_OPTIMIZATION_LEVEL = 0;
				GCC_PREPROCESSOR_DEFINITIONS = (
					"DEBUG=1",
					"$(inherited)",
				);
				GCC_WARN_64_TO_32_BIT_CONVERSION = YES;
				GCC_WARN_ABOUT_RETURN_TYPE = YES_ERROR;
				GCC_WARN_UNDECLARED_SELECTOR = YES;
				GCC_WARN_UNINITIALIZED_AUTOS = YES_AGGRESSIVE;
				GCC_WARN_UNUSED_FUNCTION = YES;
				GCC_WARN_UNUSED_VARIABLE = YES;
				MACOSX_DEPLOYMENT_TARGET = 10.11;
				MTL_ENABLE_DEBUG_INFO = YES;
				ONLY_ACTIVE_ARCH = YES;
				SDKROOT = macosx;
			};
			name = Debug;
		};
		3B0E7354210237A500A6AA9D /* Release */ = {
			isa = XCBuildConfiguration;
			buildSettings = {
				ALWAYS_SEARCH_USER_PATHS = NO;
				CLANG_ANALYZER_NONNULL = YES;
				CLANG_ANALYZER_NUMBER_OBJECT_CONVERSION = YES_AGGRESSIVE;
				CLANG_CXX_LANGUAGE_STANDARD = "gnu++14";
				CLANG_CXX_LIBRARY = "libc++";
				CLANG_ENABLE_MODULES = YES;
				CLANG_ENABLE_OBJC_ARC = YES;
				CLANG_WARN_BLOCK_CAPTURE_AUTORELEASING = YES;
				CLANG_WARN_BOOL_CONVERSION = YES;
				CLANG_WARN_COMMA = YES;
				CLANG_WARN_CONSTANT_CONVERSION = YES;
				CLANG_WARN_DIRECT_OBJC_ISA_USAGE = YES_ERROR;
				CLANG_WARN_DOCUMENTATION_COMMENTS = YES;
				CLANG_WARN_EMPTY_BODY = YES;
				CLANG_WARN_ENUM_CONVERSION = YES;
				CLANG_WARN_INFINITE_RECURSION = YES;
				CLANG_WARN_INT_CONVERSION = YES;
				CLANG_WARN_NON_LITERAL_NULL_CONVERSION = YES;
				CLANG_WARN_OBJC_LITERAL_CONVERSION = YES;
				CLANG_WARN_OBJC_ROOT_CLASS = YES_ERROR;
				CLANG_WARN_RANGE_LOOP_ANALYSIS = YES;
				CLANG_WARN_STRICT_PROTOTYPES = YES;
				CLANG_WARN_SUSPICIOUS_MOVE = YES;
				CLANG_WARN_UNGUARDED_AVAILABILITY = YES_AGGRESSIVE;
				CLANG_WARN_UNREACHABLE_CODE = YES;
				CLANG_WARN__DUPLICATE_METHOD_MATCH = YES;
				CODE_SIGN_IDENTITY = "Mac Developer";
				COPY_PHASE_STRIP = NO;
				DEBUG_INFORMATION_FORMAT = "dwarf-with-dsym";
				ENABLE_NS_ASSERTIONS = NO;
				ENABLE_STRICT_OBJC_MSGSEND = YES;
				GCC_C_LANGUAGE_STANDARD = gnu11;
				GCC_NO_COMMON_BLOCKS = YES;
				GCC_WARN_64_TO_32_BIT_CONVERSION = YES;
				GCC_WARN_ABOUT_RETURN_TYPE = YES_ERROR;
				GCC_WARN_UNDECLARED_SELECTOR = YES;
				GCC_WARN_UNINITIALIZED_AUTOS = YES_AGGRESSIVE;
				GCC_WARN_UNUSED_FUNCTION = YES;
				GCC_WARN_UNUSED_VARIABLE = YES;
				MACOSX_DEPLOYMENT_TARGET = 10.11;
				MTL_ENABLE_DEBUG_INFO = NO;
				SDKROOT = macosx;
			};
			name = Release;
		};
		3B0E7356210237A500A6AA9D /* Debug */ = {
			isa = XCBuildConfiguration;
			buildSettings = {
				ASSETCATALOG_COMPILER_APPICON_NAME = AppIcon;
				CODE_SIGN_ENTITLEMENTS = MetalDemo/MetalDemo.entitlements;
				CODE_SIGN_STYLE = Automatic;
				COMBINE_HIDPI_IMAGES = YES;
				DEVELOPMENT_TEAM = 55C567ZLGU;
				INFOPLIST_FILE = MetalDemo/Info.plist;
				LD_RUNPATH_SEARCH_PATHS = "$(inherited) @executable_path/../Frameworks";
				PRODUCT_BUNDLE_IDENTIFIER = com.Colin.MetalDemo;
				PRODUCT_NAME = "$(TARGET_NAME)";
			};
			name = Debug;
		};
		3B0E7357210237A500A6AA9D /* Release */ = {
			isa = XCBuildConfiguration;
			buildSettings = {
				ASSETCATALOG_COMPILER_APPICON_NAME = AppIcon;
				CODE_SIGN_ENTITLEMENTS = MetalDemo/MetalDemo.entitlements;
				CODE_SIGN_STYLE = Automatic;
				COMBINE_HIDPI_IMAGES = YES;
				DEVELOPMENT_TEAM = 55C567ZLGU;
				INFOPLIST_FILE = MetalDemo/Info.plist;
				LD_RUNPATH_SEARCH_PATHS = "$(inherited) @executable_path/../Frameworks";
				PRODUCT_BUNDLE_IDENTIFIER = com.Colin.MetalDemo;
				PRODUCT_NAME = "$(TARGET_NAME)";
			};
			name = Release;
		};
/* End XCBuildConfiguration section */

/* Begin XCConfigurationList section */
		3B0E733C210237A500A6AA9D /* Build configuration list for PBXProject "MetalDemo" */ = {
			isa = XCConfigurationList;
			buildConfigurations = (
				3B0E7353210237A500A6AA9D /* Debug */,
				3B0E7354210237A500A6AA9D /* Release */,
			);
			defaultConfigurationIsVisible = 0;
			defaultConfigurationName = Release;
		};
		3B0E7355210237A500A6AA9D /* Build configuration list for PBXNativeTarget "MetalDemo" */ = {
			isa = XCConfigurationList;
			buildConfigurations = (
				3B0E7356210237A500A6AA9D /* Debug */,
				3B0E7357210237A500A6AA9D /* Release */,
			);
			defaultConfigurationIsVisible = 0;
			defaultConfigurationName = Release;
		};
/* End XCConfigurationList section */
	};
	rootObject = 3B0E7339210237A500A6AA9D /* Project object */;
}
